
Microsoft Visual Studio Solution File, Format Version 12.00
# Visual Studio 15
VisualStudioVersion = 15.0.28307.1972
MinimumVisualStudioVersion = 10.0.40219.1
Project("{FAE04EC0-301F-11D3-BF4B-00C04F79EFBC}") = "KCKP", "KCKP\KCKP.csproj", "{AF33B57F-A184-4024-B08B-DAFEF9ACCF58}"
EndProject
Global
	GlobalSection(SolutionConfigurationPlatforms) = preSolution
		Debug|Any CPU = Debug|Any CPU
		Release|Any CPU = Release|Any CPU
	EndGlobalSection
	GlobalSection(ProjectConfigurationPlatforms) = postSolution
		{AF33B57F-A184-4024-B08B-DAFEF9ACCF58}.Debug|Any CPU.ActiveCfg = Debug|Any CPU
		{AF33B57F-A184-4024-B08B-DAFEF9ACCF58}.Debug|Any CPU.Build.0 = Debug|Any CPU
		{AF33B57F-A184-4024-B08B-DAFEF9ACCF58}.Release|Any CPU.ActiveCfg = Release|Any CPU
		{AF33B57F-A184-4024-B08B-DAFEF9ACCF58}.Release|Any CPU.Build.0 = Release|Any CPU
	EndGlobalSection
	GlobalSection(SolutionProperties) = preSolution
		HideSolutionNode = FALSE
	EndGlobalSection
	GlobalSection(ExtensibilityGlobals) = postSolution
		SolutionGuid = {5E922932-BF74-4247-954E-75DAD24C0005}
	EndGlobalSection
EndGlobal
